
Microsoft Visual Studio Solution File, Format Version 12.00
# Visual Studio Version 16
VisualStudioVersion = 16.0.29403.142
MinimumVisualStudioVersion = 10.0.40219.1
Project("{FAE04EC0-301F-11D3-BF4B-00C04F79EFBC}") = "Lab 1", "Lab 1\Lab 1.csproj", "{E02A2D33-E7E3-412F-BA5F-688197AF9FF7}"
EndProject
Project("{9A19103F-16F7-4668-BE54-9A1E7A4F7556}") = "Lab02_OOP_Mammals_With_Interfaces", "Lab02_OOP_Mammals_With_Interfaces\Lab02_OOP_Mammals_With_Interfaces.csproj", "{FE37C753-4EBE-4445-A4E5-A8F1CEB66684}"
EndProject
Project("{9A19103F-16F7-4668-BE54-9A1E7A4F7556}") = "Lab03_OOP_EVERY_FEATURE_COMBINED", "Lab3_OOP_EVERY_FEATURE_COMBINED\Lab03_OOP_EVERY_FEATURE_COMBINED.csproj", "{F2CF8809-FF74-46C8-AC5A-C4730F9A574E}"
EndProject
Project("{FAE04EC0-301F-11D3-BF4B-00C04F79EFBC}") = "Lab04_Connect_To_Raw_SQL", "Lab04_Connect_To_Raw_SQL\Lab04_Connect_To_Raw_SQL.csproj", "{FC7380F2-703F-46AE-BEB8-DC5B83A0B31E}"
EndProject
Project("{9A19103F-16F7-4668-BE54-9A1E7A4F7556}") = "Lab05_CRUD_APP_RAW_SQL", "Lab5_CRUD_APP_RAW_SQL\Lab05_CRUD_APP_RAW_SQL.csproj", "{94B64D38-6CC8-400F-8CC0-4B08FD22E800}"
EndProject
Project("{9A19103F-16F7-4668-BE54-9A1E7A4F7556}") = "Lab06_Rabbits_DB_Create_100", "Lab6_Rabbits_DB_Create_100\Lab06_Rabbits_DB_Create_100.csproj", "{7FC5835D-7FB8-4B5C-92B9-76F3BC66ACCA}"
EndProject
Project("{9A19103F-16F7-4668-BE54-9A1E7A4F7556}") = "Lab07_Northwind_SQLite", "Lab07_Northwind_SQLite\Lab07_Northwind_SQLite.csproj", "{0FFD76A3-2777-4465-858D-FEF11366D622}"
EndProject
Project("{9A19103F-16F7-4668-BE54-9A1E7A4F7556}") = "Lab08_List_Dictionary_Task", "Lab08_List_Dictionary_Task\Lab08_List_Dictionary_Task.csproj", "{5DBBA453-B01B-4071-B0F6-44D51A1E93C5}"
EndProject
Project("{9A19103F-16F7-4668-BE54-9A1E7A4F7556}") = "NUNIT_TESTS", "NUNIT_TESTS\NUNIT_TESTS.csproj", "{92D39177-C4C3-46B8-88D1-5EAC1C599714}"
EndProject
Project("{9A19103F-16F7-4668-BE54-9A1E7A4F7556}") = "Lab09_Rabbit_Test", "Lab09_Rabbit_Test\Lab09_Rabbit_Test.csproj", "{CFEA8EC7-A905-4E12-8359-C1606805C9BE}"
EndProject
Project("{9A19103F-16F7-4668-BE54-9A1E7A4F7556}") = "Lab10_Events", "Lab10_Simple_Events\Lab10_Events.csproj", "{772EC736-071F-486B-B011-C65917C835B6}"
EndProject
Project("{9A19103F-16F7-4668-BE54-9A1E7A4F7556}") = "Lab11_Delegates", "Lab11_Delegates\Lab11_Delegates.csproj", "{599B99F7-0D3D-4604-94EE-1F7CE7446325}"
EndProject
Project("{9A19103F-16F7-4668-BE54-9A1E7A4F7556}") = "Lab12_OOP_Events", "Lab12_OOP_Events\Lab12_OOP_Events.csproj", "{6B3B1A71-8B54-4C2A-923A-6B70F0A9B9DD}"
EndProject
Project("{FAE04EC0-301F-11D3-BF4B-00C04F79EFBC}") = "Lab13_WPF_ToDo_Application", "Lab13_WPF_ToDo_Application\Lab13_WPF_ToDo_Application.csproj", "{6DB58C00-9352-4AAC-BAC5-7B5B5B0B0BAA}"
EndProject
Project("{9A19103F-16F7-4668-BE54-9A1E7A4F7556}") = "Lab14_LINQ", "Lab14_LINQ\Lab14_LINQ.csproj", "{F018A06F-C0C8-42D1-864F-1ACDDE7AF4FB}"
EndProject
Project("{9A19103F-16F7-4668-BE54-9A1E7A4F7556}") = "Lab15_Tasks", "Lab15_Tasks\Lab15_Tasks.csproj", "{330E7403-85D8-4438-BDAA-CD3723A827E6}"
EndProject
Project("{9A19103F-16F7-4668-BE54-9A1E7A4F7556}") = "Lab16_Tasks_Continued", "Lab16_Tasks_Continued\Lab16_Tasks_Continued.csproj", "{F1EC5164-D542-4549-A5BF-180A865D2920}"
EndProject
Project("{FAE04EC0-301F-11D3-BF4B-00C04F79EFBC}") = "Lab17_Northwind_Tests", "Lab17_Northwind_Tests\Lab17_Northwind_Tests.csproj", "{918D2BD8-4A8D-4EAA-B5F1-336BDCB2F966}"
EndProject
Project("{FAE04EC0-301F-11D3-BF4B-00C04F79EFBC}") = "Lab18_Streaming", "Lab18_Streaming\Lab18_Streaming.csproj", "{76728398-324B-480B-BFC2-D1FFB4F6EC92}"
EndProject
Project("{FAE04EC0-301F-11D3-BF4B-00C04F79EFBC}") = "Lab19_Http", "Lab19_Http\Lab19_Http.csproj", "{CC8A4ECC-0E09-4FE4-B7D9-0718F2D37CEE}"
EndProject
Project("{FAE04EC0-301F-11D3-BF4B-00C04F79EFBC}") = "Lab20_Northwind_Products", "Lab20_Northwind_Products\Lab20_Northwind_Products.csproj", "{17142F81-B74D-42F2-B9BA-D03D272C862F}"
EndProject
Project("{FAE04EC0-301F-11D3-BF4B-00C04F79EFBC}") = "Lab21_Async_Await", "Lab21_Async_Await\Lab21_Async_Await.csproj", "{C55D354B-29F1-4543-890E-9C8139036ABF}"
EndProject
Project("{FAE04EC0-301F-11D3-BF4B-00C04F79EFBC}") = "Lab22_Serialization", "Lab22_Serialization\Lab22_Serialization.csproj", "{BCE9F83C-82E2-4E5E-9760-4CB39883595C}"
EndProject
Project("{FAE04EC0-301F-11D3-BF4B-00C04F79EFBC}") = "Lab23_Serialize_JSON", "Lab23_Serialize_JSON\Lab23_Serialize_JSON.csproj", "{46F4D041-D654-48C8-BBFD-44D84FE26A50}"
EndProject
Project("{FAE04EC0-301F-11D3-BF4B-00C04F79EFBC}") = "Lab24_Serialize_Binary", "Lab24_Serialize_Binary\Lab24_Serialize_Binary.csproj", "{E1190C82-340C-423B-8AC9-2813B8910EB5}"
EndProject
Project("{FAE04EC0-301F-11D3-BF4B-00C04F79EFBC}") = "Demo_API_Northwind", "Demo_API_Northwind\Demo_API_Northwind.csproj", "{2013E71D-AB6A-4CB4-B38D-DFCD04A6E388}"
EndProject
Global
	GlobalSection(SolutionConfigurationPlatforms) = preSolution
		Debug|Any CPU = Debug|Any CPU
		Release|Any CPU = Release|Any CPU
	EndGlobalSection
	GlobalSection(ProjectConfigurationPlatforms) = postSolution
		{E02A2D33-E7E3-412F-BA5F-688197AF9FF7}.Debug|Any CPU.ActiveCfg = Debug|Any CPU
		{E02A2D33-E7E3-412F-BA5F-688197AF9FF7}.Debug|Any CPU.Build.0 = Debug|Any CPU
		{E02A2D33-E7E3-412F-BA5F-688197AF9FF7}.Release|Any CPU.ActiveCfg = Release|Any CPU
		{E02A2D33-E7E3-412F-BA5F-688197AF9FF7}.Release|Any CPU.Build.0 = Release|Any CPU
		{FE37C753-4EBE-4445-A4E5-A8F1CEB66684}.Debug|Any CPU.ActiveCfg = Debug|Any CPU
		{FE37C753-4EBE-4445-A4E5-A8F1CEB66684}.Debug|Any CPU.Build.0 = Debug|Any CPU
		{FE37C753-4EBE-4445-A4E5-A8F1CEB66684}.Release|Any CPU.ActiveCfg = Release|Any CPU
		{FE37C753-4EBE-4445-A4E5-A8F1CEB66684}.Release|Any CPU.Build.0 = Release|Any CPU
		{F2CF8809-FF74-46C8-AC5A-C4730F9A574E}.Debug|Any CPU.ActiveCfg = Debug|Any CPU
		{F2CF8809-FF74-46C8-AC5A-C4730F9A574E}.Debug|Any CPU.Build.0 = Debug|Any CPU
		{F2CF8809-FF74-46C8-AC5A-C4730F9A574E}.Release|Any CPU.ActiveCfg = Release|Any CPU
		{F2CF8809-FF74-46C8-AC5A-C4730F9A574E}.Release|Any CPU.Build.0 = Release|Any CPU
		{FC7380F2-703F-46AE-BEB8-DC5B83A0B31E}.Debug|Any CPU.ActiveCfg = Debug|Any CPU
		{FC7380F2-703F-46AE-BEB8-DC5B83A0B31E}.Debug|Any CPU.Build.0 = Debug|Any CPU
		{FC7380F2-703F-46AE-BEB8-DC5B83A0B31E}.Release|Any CPU.ActiveCfg = Release|Any CPU
		{FC7380F2-703F-46AE-BEB8-DC5B83A0B31E}.Release|Any CPU.Build.0 = Release|Any CPU
		{94B64D38-6CC8-400F-8CC0-4B08FD22E800}.Debug|Any CPU.ActiveCfg = Debug|Any CPU
		{94B64D38-6CC8-400F-8CC0-4B08FD22E800}.Debug|Any CPU.Build.0 = Debug|Any CPU
		{94B64D38-6CC8-400F-8CC0-4B08FD22E800}.Release|Any CPU.ActiveCfg = Release|Any CPU
		{94B64D38-6CC8-400F-8CC0-4B08FD22E800}.Release|Any CPU.Build.0 = Release|Any CPU
		{7FC5835D-7FB8-4B5C-92B9-76F3BC66ACCA}.Debug|Any CPU.ActiveCfg = Debug|Any CPU
		{7FC5835D-7FB8-4B5C-92B9-76F3BC66ACCA}.Debug|Any CPU.Build.0 = Debug|Any CPU
		{7FC5835D-7FB8-4B5C-92B9-76F3BC66ACCA}.Release|Any CPU.ActiveCfg = Release|Any CPU
		{7FC5835D-7FB8-4B5C-92B9-76F3BC66ACCA}.Release|Any CPU.Build.0 = Release|Any CPU
		{0FFD76A3-2777-4465-858D-FEF11366D622}.Debug|Any CPU.ActiveCfg = Debug|Any CPU
		{0FFD76A3-2777-4465-858D-FEF11366D622}.Debug|Any CPU.Build.0 = Debug|Any CPU
		{0FFD76A3-2777-4465-858D-FEF11366D622}.Release|Any CPU.ActiveCfg = Release|Any CPU
		{0FFD76A3-2777-4465-858D-FEF11366D622}.Release|Any CPU.Build.0 = Release|Any CPU
		{5DBBA453-B01B-4071-B0F6-44D51A1E93C5}.Debug|Any CPU.ActiveCfg = Debug|Any CPU
		{5DBBA453-B01B-4071-B0F6-44D51A1E93C5}.Debug|Any CPU.Build.0 = Debug|Any CPU
		{5DBBA453-B01B-4071-B0F6-44D51A1E93C5}.Release|Any CPU.ActiveCfg = Release|Any CPU
		{5DBBA453-B01B-4071-B0F6-44D51A1E93C5}.Release|Any CPU.Build.0 = Release|Any CPU
		{92D39177-C4C3-46B8-88D1-5EAC1C599714}.Debug|Any CPU.ActiveCfg = Debug|Any CPU
		{92D39177-C4C3-46B8-88D1-5EAC1C599714}.Debug|Any CPU.Build.0 = Debug|Any CPU
		{92D39177-C4C3-46B8-88D1-5EAC1C599714}.Release|Any CPU.ActiveCfg = Release|Any CPU
		{92D39177-C4C3-46B8-88D1-5EAC1C599714}.Release|Any CPU.Build.0 = Release|Any CPU
		{CFEA8EC7-A905-4E12-8359-C1606805C9BE}.Debug|Any CPU.ActiveCfg = Debug|Any CPU
		{CFEA8EC7-A905-4E12-8359-C1606805C9BE}.Debug|Any CPU.Build.0 = Debug|Any CPU
		{CFEA8EC7-A905-4E12-8359-C1606805C9BE}.Release|Any CPU.ActiveCfg = Release|Any CPU
		{CFEA8EC7-A905-4E12-8359-C1606805C9BE}.Release|Any CPU.Build.0 = Release|Any CPU
		{772EC736-071F-486B-B011-C65917C835B6}.Debug|Any CPU.ActiveCfg = Debug|Any CPU
		{772EC736-071F-486B-B011-C65917C835B6}.Debug|Any CPU.Build.0 = Debug|Any CPU
		{772EC736-071F-486B-B011-C65917C835B6}.Release|Any CPU.ActiveCfg = Release|Any CPU
		{772EC736-071F-486B-B011-C65917C835B6}.Release|Any CPU.Build.0 = Release|Any CPU
		{599B99F7-0D3D-4604-94EE-1F7CE7446325}.Debug|Any CPU.ActiveCfg = Debug|Any CPU
		{599B99F7-0D3D-4604-94EE-1F7CE7446325}.Debug|Any CPU.Build.0 = Debug|Any CPU
		{599B99F7-0D3D-4604-94EE-1F7CE7446325}.Release|Any CPU.ActiveCfg = Release|Any CPU
		{599B99F7-0D3D-4604-94EE-1F7CE7446325}.Release|Any CPU.Build.0 = Release|Any CPU
		{6B3B1A71-8B54-4C2A-923A-6B70F0A9B9DD}.Debug|Any CPU.ActiveCfg = Debug|Any CPU
		{6B3B1A71-8B54-4C2A-923A-6B70F0A9B9DD}.Debug|Any CPU.Build.0 = Debug|Any CPU
		{6B3B1A71-8B54-4C2A-923A-6B70F0A9B9DD}.Release|Any CPU.ActiveCfg = Release|Any CPU
		{6B3B1A71-8B54-4C2A-923A-6B70F0A9B9DD}.Release|Any CPU.Build.0 = Release|Any CPU
		{6DB58C00-9352-4AAC-BAC5-7B5B5B0B0BAA}.Debug|Any CPU.ActiveCfg = Debug|Any CPU
		{6DB58C00-9352-4AAC-BAC5-7B5B5B0B0BAA}.Debug|Any CPU.Build.0 = Debug|Any CPU
		{6DB58C00-9352-4AAC-BAC5-7B5B5B0B0BAA}.Release|Any CPU.ActiveCfg = Release|Any CPU
		{6DB58C00-9352-4AAC-BAC5-7B5B5B0B0BAA}.Release|Any CPU.Build.0 = Release|Any CPU
		{F018A06F-C0C8-42D1-864F-1ACDDE7AF4FB}.Debug|Any CPU.ActiveCfg = Debug|Any CPU
		{F018A06F-C0C8-42D1-864F-1ACDDE7AF4FB}.Debug|Any CPU.Build.0 = Debug|Any CPU
		{F018A06F-C0C8-42D1-864F-1ACDDE7AF4FB}.Release|Any CPU.ActiveCfg = Release|Any CPU
		{F018A06F-C0C8-42D1-864F-1ACDDE7AF4FB}.Release|Any CPU.Build.0 = Release|Any CPU
		{330E7403-85D8-4438-BDAA-CD3723A827E6}.Debug|Any CPU.ActiveCfg = Debug|Any CPU
		{330E7403-85D8-4438-BDAA-CD3723A827E6}.Debug|Any CPU.Build.0 = Debug|Any CPU
		{330E7403-85D8-4438-BDAA-CD3723A827E6}.Release|Any CPU.ActiveCfg = Release|Any CPU
		{330E7403-85D8-4438-BDAA-CD3723A827E6}.Release|Any CPU.Build.0 = Release|Any CPU
		{F1EC5164-D542-4549-A5BF-180A865D2920}.Debug|Any CPU.ActiveCfg = Debug|Any CPU
		{F1EC5164-D542-4549-A5BF-180A865D2920}.Debug|Any CPU.Build.0 = Debug|Any CPU
		{F1EC5164-D542-4549-A5BF-180A865D2920}.Release|Any CPU.ActiveCfg = Release|Any CPU
		{F1EC5164-D542-4549-A5BF-180A865D2920}.Release|Any CPU.Build.0 = Release|Any CPU
		{918D2BD8-4A8D-4EAA-B5F1-336BDCB2F966}.Debug|Any CPU.ActiveCfg = Debug|Any CPU
		{918D2BD8-4A8D-4EAA-B5F1-336BDCB2F966}.Debug|Any CPU.Build.0 = Debug|Any CPU
		{918D2BD8-4A8D-4EAA-B5F1-336BDCB2F966}.Release|Any CPU.ActiveCfg = Release|Any CPU
		{918D2BD8-4A8D-4EAA-B5F1-336BDCB2F966}.Release|Any CPU.Build.0 = Release|Any CPU
		{76728398-324B-480B-BFC2-D1FFB4F6EC92}.Debug|Any CPU.ActiveCfg = Debug|Any CPU
		{76728398-324B-480B-BFC2-D1FFB4F6EC92}.Debug|Any CPU.Build.0 = Debug|Any CPU
		{76728398-324B-480B-BFC2-D1FFB4F6EC92}.Release|Any CPU.ActiveCfg = Release|Any CPU
		{76728398-324B-480B-BFC2-D1FFB4F6EC92}.Release|Any CPU.Build.0 = Release|Any CPU
		{CC8A4ECC-0E09-4FE4-B7D9-0718F2D37CEE}.Debug|Any CPU.ActiveCfg = Debug|Any CPU
		{CC8A4ECC-0E09-4FE4-B7D9-0718F2D37CEE}.Debug|Any CPU.Build.0 = Debug|Any CPU
		{CC8A4ECC-0E09-4FE4-B7D9-0718F2D37CEE}.Release|Any CPU.ActiveCfg = Release|Any CPU
		{CC8A4ECC-0E09-4FE4-B7D9-0718F2D37CEE}.Release|Any CPU.Build.0 = Release|Any CPU
		{17142F81-B74D-42F2-B9BA-D03D272C862F}.Debug|Any CPU.ActiveCfg = Debug|Any CPU
		{17142F81-B74D-42F2-B9BA-D03D272C862F}.Debug|Any CPU.Build.0 = Debug|Any CPU
		{17142F81-B74D-42F2-B9BA-D03D272C862F}.Release|Any CPU.ActiveCfg = Release|Any CPU
		{17142F81-B74D-42F2-B9BA-D03D272C862F}.Release|Any CPU.Build.0 = Release|Any CPU
		{C55D354B-29F1-4543-890E-9C8139036ABF}.Debug|Any CPU.ActiveCfg = Debug|Any CPU
		{C55D354B-29F1-4543-890E-9C8139036ABF}.Debug|Any CPU.Build.0 = Debug|Any CPU
		{C55D354B-29F1-4543-890E-9C8139036ABF}.Release|Any CPU.ActiveCfg = Release|Any CPU
		{C55D354B-29F1-4543-890E-9C8139036ABF}.Release|Any CPU.Build.0 = Release|Any CPU
		{BCE9F83C-82E2-4E5E-9760-4CB39883595C}.Debug|Any CPU.ActiveCfg = Debug|Any CPU
		{BCE9F83C-82E2-4E5E-9760-4CB39883595C}.Debug|Any CPU.Build.0 = Debug|Any CPU
		{BCE9F83C-82E2-4E5E-9760-4CB39883595C}.Release|Any CPU.ActiveCfg = Release|Any CPU
		{BCE9F83C-82E2-4E5E-9760-4CB39883595C}.Release|Any CPU.Build.0 = Release|Any CPU
		{46F4D041-D654-48C8-BBFD-44D84FE26A50}.Debug|Any CPU.ActiveCfg = Debug|Any CPU
		{46F4D041-D654-48C8-BBFD-44D84FE26A50}.Debug|Any CPU.Build.0 = Debug|Any CPU
		{46F4D041-D654-48C8-BBFD-44D84FE26A50}.Release|Any CPU.ActiveCfg = Release|Any CPU
		{46F4D041-D654-48C8-BBFD-44D84FE26A50}.Release|Any CPU.Build.0 = Release|Any CPU
		{E1190C82-340C-423B-8AC9-2813B8910EB5}.Debug|Any CPU.ActiveCfg = Debug|Any CPU
		{E1190C82-340C-423B-8AC9-2813B8910EB5}.Debug|Any CPU.Build.0 = Debug|Any CPU
		{E1190C82-340C-423B-8AC9-2813B8910EB5}.Release|Any CPU.ActiveCfg = Release|Any CPU
		{E1190C82-340C-423B-8AC9-2813B8910EB5}.Release|Any CPU.Build.0 = Release|Any CPU
		{2013E71D-AB6A-4CB4-B38D-DFCD04A6E388}.Debug|Any CPU.ActiveCfg = Debug|Any CPU
		{2013E71D-AB6A-4CB4-B38D-DFCD04A6E388}.Debug|Any CPU.Build.0 = Debug|Any CPU
		{2013E71D-AB6A-4CB4-B38D-DFCD04A6E388}.Release|Any CPU.ActiveCfg = Release|Any CPU
		{2013E71D-AB6A-4CB4-B38D-DFCD04A6E388}.Release|Any CPU.Build.0 = Release|Any CPU
	EndGlobalSection
	GlobalSection(SolutionProperties) = preSolution
		HideSolutionNode = FALSE
	EndGlobalSection
	GlobalSection(ExtensibilityGlobals) = postSolution
		SolutionGuid = {E978D029-6BF3-4E67-B22D-524360E3C4A3}
	EndGlobalSection
EndGlobal
